
Microsoft Visual Studio Solution File, Format Version 12.00
# Visual Studio Version 17
VisualStudioVersion = 17.14.37614.0
MinimumVisualStudioVersion = 10.0.40219.1
Project("{2150E333-8FDC-42A3-9474-1A3956D46DE8}") = "Microservices", "Microservices", "{D193125F-86C2-4314-9C92-9C6B953931CC}"
EndProject
Project("{FAE04EC0-301F-11D3-BF4B-00C04F79EFBC}") = "Doccure.BranchService", "Microservices\Doccure.BranchService\Doccure.BranchService.csproj", "{8550FAA4-BA3F-42D5-9CAC-EE03AE33F5AE}"
EndProject
Project("{FAE04EC0-301F-11D3-BF4B-00C04F79EFBC}") = "Doccure.DoctorService", "Microservices\Doccure.DoctorService\Doccure.DoctorService.csproj", "{F3827B74-9451-4FB7-83F9-D5F5173F3AD1}"
EndProject
Project("{2150E333-8FDC-42A3-9474-1A3956D46DE8}") = "Requirements", "Requirements", "{02EA681E-C7D8-13C7-8484-4AC65E1B71E8}"
EndProject
Project("{2150E333-8FDC-42A3-9474-1A3956D46DE8}") = "JsonData", "JsonData", "{E0F8BF1D-D589-4661-BB21-F73ADF6DE37F}"
	ProjectSection(SolutionItems) = preProject
		DoctorExample.txt = DoctorExample.txt
	EndProjectSection
EndProject
Project("{FAE04EC0-301F-11D3-BF4B-00C04F79EFBC}") = "Doccure.ReviewService", "Microservices\Doccure.ReviewService\Doccure.ReviewService.csproj", "{E73FE620-16DD-4EDA-A4B8-EAB1A1F71950}"
EndProject
Project("{FAE04EC0-301F-11D3-BF4B-00C04F79EFBC}") = "Doccure.AppointmentService", "Microservices\Doccure.AppointmentService\Doccure.AppointmentService.csproj", "{594D8E42-8B59-4FDE-A24E-AA12B43C53CE}"
EndProject
Global
	GlobalSection(SolutionConfigurationPlatforms) = preSolution
		Debug|Any CPU = Debug|Any CPU
		Release|Any CPU = Release|Any CPU
	EndGlobalSection
	GlobalSection(ProjectConfigurationPlatforms) = postSolution
		{8550FAA4-BA3F-42D5-9CAC-EE03AE33F5AE}.Debug|Any CPU.ActiveCfg = Debug|Any CPU
		{8550FAA4-BA3F-42D5-9CAC-EE03AE33F5AE}.Debug|Any CPU.Build.0 = Debug|Any CPU
		{8550FAA4-BA3F-42D5-9CAC-EE03AE33F5AE}.Release|Any CPU.ActiveCfg = Release|Any CPU
		{8550FAA4-BA3F-42D5-9CAC-EE03AE33F5AE}.Release|Any CPU.Build.0 = Release|Any CPU
		{F3827B74-9451-4FB7-83F9-D5F5173F3AD1}.Debug|Any CPU.ActiveCfg = Debug|Any CPU
		{F3827B74-9451-4FB7-83F9-D5F5173F3AD1}.Debug|Any CPU.Build.0 = Debug|Any CPU
		{F3827B74-9451-4FB7-83F9-D5F5173F3AD1}.Release|Any CPU.ActiveCfg = Release|Any CPU
		{F3827B74-9451-4FB7-83F9-D5F5173F3AD1}.Release|Any CPU.Build.0 = Release|Any CPU
		{E73FE620-16DD-4EDA-A4B8-EAB1A1F71950}.Debug|Any CPU.ActiveCfg = Debug|Any CPU
		{E73FE620-16DD-4EDA-A4B8-EAB1A1F71950}.Debug|Any CPU.Build.0 = Debug|Any CPU
		{E73FE620-16DD-4EDA-A4B8-EAB1A1F71950}.Release|Any CPU.ActiveCfg = Release|Any CPU
		{E73FE620-16DD-4EDA-A4B8-EAB1A1F71950}.Release|Any CPU.Build.0 = Release|Any CPU
		{594D8E42-8B59-4FDE-A24E-AA12B43C53CE}.Debug|Any CPU.ActiveCfg = Debug|Any CPU
		{594D8E42-8B59-4FDE-A24E-AA12B43C53CE}.Debug|Any CPU.Build.0 = Debug|Any CPU
		{594D8E42-8B59-4FDE-A24E-AA12B43C53CE}.Release|Any CPU.ActiveCfg = Release|Any CPU
		{594D8E42-8B59-4FDE-A24E-AA12B43C53CE}.Release|Any CPU.Build.0 = Release|Any CPU
	EndGlobalSection
	GlobalSection(SolutionProperties) = preSolution
		HideSolutionNode = FALSE
	EndGlobalSection
	GlobalSection(NestedProjects) = preSolution
		{8550FAA4-BA3F-42D5-9CAC-EE03AE33F5AE} = {D193125F-86C2-4314-9C92-9C6B953931CC}
		{F3827B74-9451-4FB7-83F9-D5F5173F3AD1} = {D193125F-86C2-4314-9C92-9C6B953931CC}
		{E0F8BF1D-D589-4661-BB21-F73ADF6DE37F} = {02EA681E-C7D8-13C7-8484-4AC65E1B71E8}
		{E73FE620-16DD-4EDA-A4B8-EAB1A1F71950} = {D193125F-86C2-4314-9C92-9C6B953931CC}
		{594D8E42-8B59-4FDE-A24E-AA12B43C53CE} = {D193125F-86C2-4314-9C92-9C6B953931CC}
	EndGlobalSection
	GlobalSection(ExtensibilityGlobals) = postSolution
		SolutionGuid = {B257EF3B-C169-488F-A3D7-E1697142B6FC}
	EndGlobalSection
EndGlobal
